
Microsoft Visual Studio Solution File, Format Version 12.00
# Visual Studio Version 17
VisualStudioVersion = 17.9.34723.18
MinimumVisualStudioVersion = 10.0.40219.1
Project("{8BC9CEB8-8B4A-11D0-8D11-00A0C91BC942}") = "백준", "백준\백준.vcxproj", "{BFCA2C7D-660F-4253-80AC-1FF36B7DF91F}"
EndProject
Global
	GlobalSection(SolutionConfigurationPlatforms) = preSolution
		Debug|x64 = Debug|x64
		Debug|x86 = Debug|x86
		Release|x64 = Release|x64
		Release|x86 = Release|x86
	EndGlobalSection
	GlobalSection(ProjectConfigurationPlatforms) = postSolution
		{BFCA2C7D-660F-4253-80AC-1FF36B7DF91F}.Debug|x64.ActiveCfg = Debug|x64
		{BFCA2C7D-660F-4253-80AC-1FF36B7DF91F}.Debug|x64.Build.0 = Debug|x64
		{BFCA2C7D-660F-4253-80AC-1FF36B7DF91F}.Debug|x86.ActiveCfg = Debug|Win32
		{BFCA2C7D-660F-4253-80AC-1FF36B7DF91F}.Debug|x86.Build.0 = Debug|Win32
		{BFCA2C7D-660F-4253-80AC-1FF36B7DF91F}.Release|x64.ActiveCfg = Release|x64
		{BFCA2C7D-660F-4253-80AC-1FF36B7DF91F}.Release|x64.Build.0 = Release|x64
		{BFCA2C7D-660F-4253-80AC-1FF36B7DF91F}.Release|x86.ActiveCfg = Release|Win32
		{BFCA2C7D-660F-4253-80AC-1FF36B7DF91F}.Release|x86.Build.0 = Release|Win32
	EndGlobalSection
	GlobalSection(SolutionProperties) = preSolution
		HideSolutionNode = FALSE
	EndGlobalSection
	GlobalSection(ExtensibilityGlobals) = postSolution
		SolutionGuid = {B36DD489-8A5A-4BCF-BDE8-FFA8E3E37F3B}
	EndGlobalSection
EndGlobal
