
Microsoft Visual Studio Solution File, Format Version 12.00
# Visual Studio Version 17
VisualStudioVersion = 17.9.34723.18
MinimumVisualStudioVersion = 10.0.40219.1
Project("{8BC9CEB8-8B4A-11D0-8D11-00A0C91BC942}") = "0416", "0416\0416.vcxproj", "{9F54F0A9-94E3-4BD6-8CA7-A4770222620B}"
EndProject
Global
	GlobalSection(SolutionConfigurationPlatforms) = preSolution
		Debug|x64 = Debug|x64
		Debug|x86 = Debug|x86
		Release|x64 = Release|x64
		Release|x86 = Release|x86
	EndGlobalSection
	GlobalSection(ProjectConfigurationPlatforms) = postSolution
		{9F54F0A9-94E3-4BD6-8CA7-A4770222620B}.Debug|x64.ActiveCfg = Debug|x64
		{9F54F0A9-94E3-4BD6-8CA7-A4770222620B}.Debug|x64.Build.0 = Debug|x64
		{9F54F0A9-94E3-4BD6-8CA7-A4770222620B}.Debug|x86.ActiveCfg = Debug|Win32
		{9F54F0A9-94E3-4BD6-8CA7-A4770222620B}.Debug|x86.Build.0 = Debug|Win32
		{9F54F0A9-94E3-4BD6-8CA7-A4770222620B}.Release|x64.ActiveCfg = Release|x64
		{9F54F0A9-94E3-4BD6-8CA7-A4770222620B}.Release|x64.Build.0 = Release|x64
		{9F54F0A9-94E3-4BD6-8CA7-A4770222620B}.Release|x86.ActiveCfg = Release|Win32
		{9F54F0A9-94E3-4BD6-8CA7-A4770222620B}.Release|x86.Build.0 = Release|Win32
	EndGlobalSection
	GlobalSection(SolutionProperties) = preSolution
		HideSolutionNode = FALSE
	EndGlobalSection
	GlobalSection(ExtensibilityGlobals) = postSolution
		SolutionGuid = {96A9DEF3-2D52-45DA-B4D9-A2676FD6CCA7}
	EndGlobalSection
EndGlobal
